
Microsoft Visual Studio Solution File, Format Version 12.00
# Visual Studio Version 16
VisualStudioVersion = 16.0.31005.135
MinimumVisualStudioVersion = 10.0.40219.1
Project("{FAE04EC0-301F-11D3-BF4B-00C04F79EFBC}") = "Assessment 1 Student Register", "Assessment 1 Student Register\Assessment 1 Student Register.csproj", "{54B28E46-AB2C-4BF0-8F21-F23ECAF0024F}"
EndProject
Global
	GlobalSection(SolutionConfigurationPlatforms) = preSolution
		Debug|Any CPU = Debug|Any CPU
		Release|Any CPU = Release|Any CPU
	EndGlobalSection
	GlobalSection(ProjectConfigurationPlatforms) = postSolution
		{54B28E46-AB2C-4BF0-8F21-F23ECAF0024F}.Debug|Any CPU.ActiveCfg = Debug|Any CPU
		{54B28E46-AB2C-4BF0-8F21-F23ECAF0024F}.Debug|Any CPU.Build.0 = Debug|Any CPU
		{54B28E46-AB2C-4BF0-8F21-F23ECAF0024F}.Release|Any CPU.ActiveCfg = Release|Any CPU
		{54B28E46-AB2C-4BF0-8F21-F23ECAF0024F}.Release|Any CPU.Build.0 = Release|Any CPU
	EndGlobalSection
	GlobalSection(SolutionProperties) = preSolution
		HideSolutionNode = FALSE
	EndGlobalSection
	GlobalSection(ExtensibilityGlobals) = postSolution
		SolutionGuid = {92A545BD-9BF1-495D-8D62-666B92F5A4FD}
	EndGlobalSection
EndGlobal
